// !$*UTF8*$!
{
	archiveVersion = 1;
	classes = {
	};
	objectVersion = 45;
	objects = {

/* Begin PBXBuildFile section */
		1D3623260D0F684500981E51 /* SabotterAppDelegate.m in Sources */ = {isa = PBXBuildFile; fileRef = 1D3623250D0F684500981E51 /* SabotterAppDelegate.m */; };
		1D60589B0D05DD56006BFB54 /* main.m in Sources */ = {isa = PBXBuildFile; fileRef = 29B97316FDCFA39411CA2CEA /* main.m */; };
		1D60589F0D05DD5A006BFB54 /* Foundation.framework in Frameworks */ = {isa = PBXBuildFile; fileRef = 1D30AB110D05D00D00671497 /* Foundation.framework */; };
		1DF5F4E00D08C38300B7A737 /* UIKit.framework in Frameworks */ = {isa = PBXBuildFile; fileRef = 1DF5F4DF0D08C38300B7A737 /* UIKit.framework */; };
		288765080DF74369002DB57D /* CoreGraphics.framework in Frameworks */ = {isa = PBXBuildFile; fileRef = 288765070DF74369002DB57D /* CoreGraphics.framework */; };
		9E033CDC121EFB9C00B171A4 /* NSObject+SBJSON.m in Sources */ = {isa = PBXBuildFile; fileRef = 9E033CD3121EFB9C00B171A4 /* NSObject+SBJSON.m */; };
		9E033CDD121EFB9C00B171A4 /* NSString+SBJSON.m in Sources */ = {isa = PBXBuildFile; fileRef = 9E033CD5121EFB9C00B171A4 /* NSString+SBJSON.m */; };
		9E033CDE121EFB9C00B171A4 /* SBJsonBase.m in Sources */ = {isa = PBXBuildFile; fileRef = 9E033CD7121EFB9C00B171A4 /* SBJsonBase.m */; };
		9E033CDF121EFB9C00B171A4 /* SBJsonParser.m in Sources */ = {isa = PBXBuildFile; fileRef = 9E033CD9121EFB9C00B171A4 /* SBJsonParser.m */; };
		9E033CE0121EFB9C00B171A4 /* SBJsonWriter.m in Sources */ = {isa = PBXBuildFile; fileRef = 9E033CDB121EFB9C00B171A4 /* SBJsonWriter.m */; };
		9E120B9E1204484100ACB990 /* TimelineViewController.m in Sources */ = {isa = PBXBuildFile; fileRef = 9E120B9D1204484100ACB990 /* TimelineViewController.m */; };
		9E120BA31204485D00ACB990 /* TimelineView.xib in Resources */ = {isa = PBXBuildFile; fileRef = 9E120BA01204485D00ACB990 /* TimelineView.xib */; };
		9E120BA41204485D00ACB990 /* MainWindow.xib in Resources */ = {isa = PBXBuildFile; fileRef = 9E120BA11204485D00ACB990 /* MainWindow.xib */; };
		9E120C3112055CBA00ACB990 /* config.png in Resources */ = {isa = PBXBuildFile; fileRef = 9E120C3012055CBA00ACB990 /* config.png */; };
		9E120C7C1206B19300ACB990 /* ConfigRootViewController.m in Sources */ = {isa = PBXBuildFile; fileRef = 9E120C7A1206B19300ACB990 /* ConfigRootViewController.m */; };
		9E120C831206B1C600ACB990 /* ConfigRootView.xib in Resources */ = {isa = PBXBuildFile; fileRef = 9E120C821206B1C600ACB990 /* ConfigRootView.xib */; };
		9E120CA71206B8AA00ACB990 /* ConfigAccountViewController.m in Sources */ = {isa = PBXBuildFile; fileRef = 9E120CA51206B8AA00ACB990 /* ConfigAccountViewController.m */; };
		9E120CB61206B8D500ACB990 /* ConfigAccountView.xib in Resources */ = {isa = PBXBuildFile; fileRef = 9E120CB51206B8D500ACB990 /* ConfigAccountView.xib */; };
		9E169355121A05A6005E389C /* SBApi.m in Sources */ = {isa = PBXBuildFile; fileRef = 9E169354121A05A6005E389C /* SBApi.m */; };
		9E16936C121A0B26005E389C /* SBWassrApiService.m in Sources */ = {isa = PBXBuildFile; fileRef = 9E16936B121A0B26005E389C /* SBWassrApiService.m */; };
		9E3836D4121DF9040097E331 /* SBTwitterApiService.m in Sources */ = {isa = PBXBuildFile; fileRef = 9E3836D3121DF9040097E331 /* SBTwitterApiService.m */; };
		9E3836E5121DFC840097E331 /* SBConfig.m in Sources */ = {isa = PBXBuildFile; fileRef = 9E3836E4121DFC840097E331 /* SBConfig.m */; };
		9E3836F7121E03BA0097E331 /* config.plist in Resources */ = {isa = PBXBuildFile; fileRef = 9E3836F6121E03BA0097E331 /* config.plist */; };
		9E3990A6121C4797009170DF /* NSData+Base64.m in Sources */ = {isa = PBXBuildFile; fileRef = 9E3990A1121C4797009170DF /* NSData+Base64.m */; };
		9E3990A7121C4797009170DF /* OAuth+Additions.m in Sources */ = {isa = PBXBuildFile; fileRef = 9E3990A3121C4797009170DF /* OAuth+Additions.m */; };
		9E3990A8121C4797009170DF /* OAuthCore.m in Sources */ = {isa = PBXBuildFile; fileRef = 9E3990A5121C4797009170DF /* OAuthCore.m */; };
		9E4E5B391217E8200074B124 /* HttpClient.m in Sources */ = {isa = PBXBuildFile; fileRef = 9E4E5B381217E8200074B124 /* HttpClient.m */; };
/* End PBXBuildFile section */

/* Begin PBXFileReference section */
		1D30AB110D05D00D00671497 /* Foundation.framework */ = {isa = PBXFileReference; lastKnownFileType = wrapper.framework; name = Foundation.framework; path = System/Library/Frameworks/Foundation.framework; sourceTree = SDKROOT; };
		1D3623240D0F684500981E51 /* SabotterAppDelegate.h */ = {isa = PBXFileReference; fileEncoding = 4; lastKnownFileType = sourcecode.c.h; path = SabotterAppDelegate.h; sourceTree = "<group>"; };
		1D3623250D0F684500981E51 /* SabotterAppDelegate.m */ = {isa = PBXFileReference; fileEncoding = 4; lastKnownFileType = sourcecode.c.objc; path = SabotterAppDelegate.m; sourceTree = "<group>"; };
		1D6058910D05DD3D006BFB54 /* Sabotter.app */ = {isa = PBXFileReference; explicitFileType = wrapper.application; includeInIndex = 0; path = Sabotter.app; sourceTree = BUILT_PRODUCTS_DIR; };
		1DF5F4DF0D08C38300B7A737 /* UIKit.framework */ = {isa = PBXFileReference; lastKnownFileType = wrapper.framework; name = UIKit.framework; path = System/Library/Frameworks/UIKit.framework; sourceTree = SDKROOT; };
		288765070DF74369002DB57D /* CoreGraphics.framework */ = {isa = PBXFileReference; lastKnownFileType = wrapper.framework; name = CoreGraphics.framework; path = System/Library/Frameworks/CoreGraphics.framework; sourceTree = SDKROOT; };
		28A0AB4B0D9B1048005BE974 /* Sabotter_Prefix.pch */ = {isa = PBXFileReference; fileEncoding = 4; lastKnownFileType = sourcecode.c.h; path = Sabotter_Prefix.pch; sourceTree = "<group>"; };
		29B97316FDCFA39411CA2CEA /* main.m */ = {isa = PBXFileReference; fileEncoding = 4; lastKnownFileType = sourcecode.c.objc; path = main.m; sourceTree = "<group>"; };
		8D1107310486CEB800E47090 /* Sabotter-Info.plist */ = {isa = PBXFileReference; fileEncoding = 4; lastKnownFileType = text.plist.xml; path = "Sabotter-Info.plist"; plistStructureDefinitionIdentifier = "com.apple.xcode.plist.structure-definition.iphone.info-plist"; sourceTree = "<group>"; };
		9E033CD1121EFB9C00B171A4 /* JSON.h */ = {isa = PBXFileReference; fileEncoding = 4; lastKnownFileType = sourcecode.c.h; name = JSON.h; path = "json-framework/JSON.h"; sourceTree = "<group>"; };
		9E033CD2121EFB9C00B171A4 /* NSObject+SBJSON.h */ = {isa = PBXFileReference; fileEncoding = 4; lastKnownFileType = sourcecode.c.h; name = "NSObject+SBJSON.h"; path = "json-framework/NSObject+SBJSON.h"; sourceTree = "<group>"; };
		9E033CD3121EFB9C00B171A4 /* NSObject+SBJSON.m */ = {isa = PBXFileReference; fileEncoding = 4; lastKnownFileType = sourcecode.c.objc; name = "NSObject+SBJSON.m"; path = "json-framework/NSObject+SBJSON.m"; sourceTree = "<group>"; };
		9E033CD4121EFB9C00B171A4 /* NSString+SBJSON.h */ = {isa = PBXFileReference; fileEncoding = 4; lastKnownFileType = sourcecode.c.h; name = "NSString+SBJSON.h"; path = "json-framework/NSString+SBJSON.h"; sourceTree = "<group>"; };
		9E033CD5121EFB9C00B171A4 /* NSString+SBJSON.m */ = {isa = PBXFileReference; fileEncoding = 4; lastKnownFileType = sourcecode.c.objc; name = "NSString+SBJSON.m"; path = "json-framework/NSString+SBJSON.m"; sourceTree = "<group>"; };
		9E033CD6121EFB9C00B171A4 /* SBJsonBase.h */ = {isa = PBXFileReference; fileEncoding = 4; lastKnownFileType = sourcecode.c.h; name = SBJsonBase.h; path = "json-framework/SBJsonBase.h"; sourceTree = "<group>"; };
		9E033CD7121EFB9C00B171A4 /* SBJsonBase.m */ = {isa = PBXFileReference; fileEncoding = 4; lastKnownFileType = sourcecode.c.objc; name = SBJsonBase.m; path = "json-framework/SBJsonBase.m"; sourceTree = "<group>"; };
		9E033CD8121EFB9C00B171A4 /* SBJsonParser.h */ = {isa = PBXFileReference; fileEncoding = 4; lastKnownFileType = sourcecode.c.h; name = SBJsonParser.h; path = "json-framework/SBJsonParser.h"; sourceTree = "<group>"; };
		9E033CD9121EFB9C00B171A4 /* SBJsonParser.m */ = {isa = PBXFileReference; fileEncoding = 4; lastKnownFileType = sourcecode.c.objc; name = SBJsonParser.m; path = "json-framework/SBJsonParser.m"; sourceTree = "<group>"; };
		9E033CDA121EFB9C00B171A4 /* SBJsonWriter.h */ = {isa = PBXFileReference; fileEncoding = 4; lastKnownFileType = sourcecode.c.h; name = SBJsonWriter.h; path = "json-framework/SBJsonWriter.h"; sourceTree = "<group>"; };
		9E033CDB121EFB9C00B171A4 /* SBJsonWriter.m */ = {isa = PBXFileReference; fileEncoding = 4; lastKnownFileType = sourcecode.c.objc; name = SBJsonWriter.m; path = "json-framework/SBJsonWriter.m"; sourceTree = "<group>"; };
		9E120B9C1204484100ACB990 /* TimelineViewController.h */ = {isa = PBXFileReference; fileEncoding = 4; lastKnownFileType = sourcecode.c.h; path = TimelineViewController.h; sourceTree = "<group>"; };
		9E120B9D1204484100ACB990 /* TimelineViewController.m */ = {isa = PBXFileReference; fileEncoding = 4; lastKnownFileType = sourcecode.c.objc; path = TimelineViewController.m; sourceTree = "<group>"; };
		9E120BA01204485D00ACB990 /* TimelineView.xib */ = {isa = PBXFileReference; lastKnownFileType = file.xib; name = TimelineView.xib; path = xib/TimelineView.xib; sourceTree = "<group>"; };
		9E120BA11204485D00ACB990 /* MainWindow.xib */ = {isa = PBXFileReference; lastKnownFileType = file.xib; name = MainWindow.xib; path = xib/MainWindow.xib; sourceTree = "<group>"; };
		9E120C3012055CBA00ACB990 /* config.png */ = {isa = PBXFileReference; lastKnownFileType = image.png; name = config.png; path = Resources/config.png; sourceTree = "<group>"; };
		9E120C791206B19300ACB990 /* ConfigRootViewController.h */ = {isa = PBXFileReference; fileEncoding = 4; lastKnownFileType = sourcecode.c.h; path = ConfigRootViewController.h; sourceTree = "<group>"; };
		9E120C7A1206B19300ACB990 /* ConfigRootViewController.m */ = {isa = PBXFileReference; fileEncoding = 4; lastKnownFileType = sourcecode.c.objc; path = ConfigRootViewController.m; sourceTree = "<group>"; };
		9E120C821206B1C600ACB990 /* ConfigRootView.xib */ = {isa = PBXFileReference; lastKnownFileType = file.xib; name = ConfigRootView.xib; path = xib/ConfigRootView.xib; sourceTree = "<group>"; };
		9E120CA41206B8AA00ACB990 /* ConfigAccountViewController.h */ = {isa = PBXFileReference; fileEncoding = 4; lastKnownFileType = sourcecode.c.h; path = ConfigAccountViewController.h; sourceTree = "<group>"; };
		9E120CA51206B8AA00ACB990 /* ConfigAccountViewController.m */ = {isa = PBXFileReference; fileEncoding = 4; lastKnownFileType = sourcecode.c.objc; path = ConfigAccountViewController.m; sourceTree = "<group>"; };
		9E120CB51206B8D500ACB990 /* ConfigAccountView.xib */ = {isa = PBXFileReference; lastKnownFileType = file.xib; name = ConfigAccountView.xib; path = xib/ConfigAccountView.xib; sourceTree = "<group>"; };
		9E1693011219A5E0005E389C /* Common.h */ = {isa = PBXFileReference; fileEncoding = 4; lastKnownFileType = sourcecode.c.h; path = Common.h; sourceTree = "<group>"; };
		9E169353121A05A6005E389C /* SBApi.h */ = {isa = PBXFileReference; fileEncoding = 4; lastKnownFileType = sourcecode.c.h; name = SBApi.h; path = Core/SBApi.h; sourceTree = "<group>"; };
		9E169354121A05A6005E389C /* SBApi.m */ = {isa = PBXFileReference; fileEncoding = 4; lastKnownFileType = sourcecode.c.objc; name = SBApi.m; path = Core/SBApi.m; sourceTree = "<group>"; };
		9E16936A121A0B26005E389C /* SBWassrApiService.h */ = {isa = PBXFileReference; fileEncoding = 4; lastKnownFileType = sourcecode.c.h; name = SBWassrApiService.h; path = Core/SBWassrApiService.h; sourceTree = "<group>"; };
		9E16936B121A0B26005E389C /* SBWassrApiService.m */ = {isa = PBXFileReference; fileEncoding = 4; lastKnownFileType = sourcecode.c.objc; name = SBWassrApiService.m; path = Core/SBWassrApiService.m; sourceTree = "<group>"; };
		9E3836D2121DF9040097E331 /* SBTwitterApiService.h */ = {isa = PBXFileReference; fileEncoding = 4; lastKnownFileType = sourcecode.c.h; name = SBTwitterApiService.h; path = Core/SBTwitterApiService.h; sourceTree = "<group>"; };
		9E3836D3121DF9040097E331 /* SBTwitterApiService.m */ = {isa = PBXFileReference; fileEncoding = 4; lastKnownFileType = sourcecode.c.objc; name = SBTwitterApiService.m; path = Core/SBTwitterApiService.m; sourceTree = "<group>"; };
		9E3836E3121DFC840097E331 /* SBConfig.h */ = {isa = PBXFileReference; fileEncoding = 4; lastKnownFileType = sourcecode.c.h; name = SBConfig.h; path = Core/SBConfig.h; sourceTree = "<group>"; };
		9E3836E4121DFC840097E331 /* SBConfig.m */ = {isa = PBXFileReference; fileEncoding = 4; lastKnownFileType = sourcecode.c.objc; name = SBConfig.m; path = Core/SBConfig.m; sourceTree = "<group>"; };
		9E3836F6121E03BA0097E331 /* config.plist */ = {isa = PBXFileReference; fileEncoding = 4; lastKnownFileType = text.plist.xml; name = config.plist; path = Resources/config.plist; sourceTree = "<group>"; };
		9E3990A0121C4797009170DF /* NSData+Base64.h */ = {isa = PBXFileReference; fileEncoding = 4; lastKnownFileType = sourcecode.c.h; name = "NSData+Base64.h"; path = "oauthcore/NSData+Base64.h"; sourceTree = "<group>"; };
		9E3990A1121C4797009170DF /* NSData+Base64.m */ = {isa = PBXFileReference; fileEncoding = 4; lastKnownFileType = sourcecode.c.objc; name = "NSData+Base64.m"; path = "oauthcore/NSData+Base64.m"; sourceTree = "<group>"; };
		9E3990A2121C4797009170DF /* OAuth+Additions.h */ = {isa = PBXFileReference; fileEncoding = 4; lastKnownFileType = sourcecode.c.h; name = "OAuth+Additions.h"; path = "oauthcore/OAuth+Additions.h"; sourceTree = "<group>"; };
		9E3990A3121C4797009170DF /* OAuth+Additions.m */ = {isa = PBXFileReference; fileEncoding = 4; lastKnownFileType = sourcecode.c.objc; name = "OAuth+Additions.m"; path = "oauthcore/OAuth+Additions.m"; sourceTree = "<group>"; };
		9E3990A4121C4797009170DF /* OAuthCore.h */ = {isa = PBXFileReference; fileEncoding = 4; lastKnownFileType = sourcecode.c.h; name = OAuthCore.h; path = oauthcore/OAuthCore.h; sourceTree = "<group>"; };
		9E3990A5121C4797009170DF /* OAuthCore.m */ = {isa = PBXFileReference; fileEncoding = 4; lastKnownFileType = sourcecode.c.objc; name = OAuthCore.m; path = oauthcore/OAuthCore.m; sourceTree = "<group>"; };
		9E4E5B371217E8200074B124 /* HttpClient.h */ = {isa = PBXFileReference; fileEncoding = 4; lastKnownFileType = sourcecode.c.h; name = HttpClient.h; path = Util/HttpClient.h; sourceTree = "<group>"; };
		9E4E5B381217E8200074B124 /* HttpClient.m */ = {isa = PBXFileReference; fileEncoding = 4; lastKnownFileType = sourcecode.c.objc; name = HttpClient.m; path = Util/HttpClient.m; sourceTree = "<group>"; };
/* End PBXFileReference section */

/* Begin PBXFrameworksBuildPhase section */
		1D60588F0D05DD3D006BFB54 /* Frameworks */ = {
			isa = PBXFrameworksBuildPhase;
			buildActionMask = 2147483647;
			files = (
				1D60589F0D05DD5A006BFB54 /* Foundation.framework in Frameworks */,
				1DF5F4E00D08C38300B7A737 /* UIKit.framework in Frameworks */,
				288765080DF74369002DB57D /* CoreGraphics.framework in Frameworks */,
			);
			runOnlyForDeploymentPostprocessing = 0;
		};
/* End PBXFrameworksBuildPhase section */

/* Begin PBXGroup section */
		080E96DDFE201D6D7F000001 /* Classes */ = {
			isa = PBXGroup;
			children = (
				9E39909E121C475F009170DF /* oauthcore */,
				9E033CD0121EFB8300B171A4 /* json-framework */,
				9E1693011219A5E0005E389C /* Common.h */,
				9E169356121A05AF005E389C /* Core */,
				9E4E5B3B1217E8280074B124 /* Util */,
				9E120C7E1206B19900ACB990 /* config */,
				9E120B9C1204484100ACB990 /* TimelineViewController.h */,
				9E120B9D1204484100ACB990 /* TimelineViewController.m */,
				1D3623240D0F684500981E51 /* SabotterAppDelegate.h */,
				1D3623250D0F684500981E51 /* SabotterAppDelegate.m */,
			);
			path = Classes;
			sourceTree = "<group>";
		};
		19C28FACFE9D520D11CA2CBB /* Products */ = {
			isa = PBXGroup;
			children = (
				1D6058910D05DD3D006BFB54 /* Sabotter.app */,
			);
			name = Products;
			sourceTree = "<group>";
		};
		29B97314FDCFA39411CA2CEA /* Sabotter */ = {
			isa = PBXGroup;
			children = (
				080E96DDFE201D6D7F000001 /* Classes */,
				29B97315FDCFA39411CA2CEA /* Other Sources */,
				29B97317FDCFA39411CA2CEA /* Resources */,
				29B97323FDCFA39411CA2CEA /* Frameworks */,
				19C28FACFE9D520D11CA2CBB /* Products */,
			);
			name = Sabotter;
			sourceTree = "<group>";
		};
		29B97315FDCFA39411CA2CEA /* Other Sources */ = {
			isa = PBXGroup;
			children = (
				28A0AB4B0D9B1048005BE974 /* Sabotter_Prefix.pch */,
				29B97316FDCFA39411CA2CEA /* main.m */,
			);
			name = "Other Sources";
			sourceTree = "<group>";
		};
		29B97317FDCFA39411CA2CEA /* Resources */ = {
			isa = PBXGroup;
			children = (
				9E3836F6121E03BA0097E331 /* config.plist */,
				9E120C2F12055CA600ACB990 /* image */,
				9E120B9F1204484B00ACB990 /* xib */,
				8D1107310486CEB800E47090 /* Sabotter-Info.plist */,
			);
			name = Resources;
			sourceTree = "<group>";
		};
		29B97323FDCFA39411CA2CEA /* Frameworks */ = {
			isa = PBXGroup;
			children = (
				1DF5F4DF0D08C38300B7A737 /* UIKit.framework */,
				1D30AB110D05D00D00671497 /* Foundation.framework */,
				288765070DF74369002DB57D /* CoreGraphics.framework */,
			);
			name = Frameworks;
			sourceTree = "<group>";
		};
		9E033CD0121EFB8300B171A4 /* json-framework */ = {
			isa = PBXGroup;
			children = (
				9E033CD1121EFB9C00B171A4 /* JSON.h */,
				9E033CD2121EFB9C00B171A4 /* NSObject+SBJSON.h */,
				9E033CD3121EFB9C00B171A4 /* NSObject+SBJSON.m */,
				9E033CD4121EFB9C00B171A4 /* NSString+SBJSON.h */,
				9E033CD5121EFB9C00B171A4 /* NSString+SBJSON.m */,
				9E033CD6121EFB9C00B171A4 /* SBJsonBase.h */,
				9E033CD7121EFB9C00B171A4 /* SBJsonBase.m */,
				9E033CD8121EFB9C00B171A4 /* SBJsonParser.h */,
				9E033CD9121EFB9C00B171A4 /* SBJsonParser.m */,
				9E033CDA121EFB9C00B171A4 /* SBJsonWriter.h */,
				9E033CDB121EFB9C00B171A4 /* SBJsonWriter.m */,
			);
			name = "json-framework";
			sourceTree = "<group>";
		};
		9E120B9F1204484B00ACB990 /* xib */ = {
			isa = PBXGroup;
			children = (
				9E120CB51206B8D500ACB990 /* ConfigAccountView.xib */,
				9E120C821206B1C600ACB990 /* ConfigRootView.xib */,
				9E120BA01204485D00ACB990 /* TimelineView.xib */,
				9E120BA11204485D00ACB990 /* MainWindow.xib */,
			);
			name = xib;
			sourceTree = "<group>";
		};
		9E120C2F12055CA600ACB990 /* image */ = {
			isa = PBXGroup;
			children = (
				9E120C3012055CBA00ACB990 /* config.png */,
			);
			name = image;
			sourceTree = "<group>";
		};
		9E120C7E1206B19900ACB990 /* config */ = {
			isa = PBXGroup;
			children = (
				9E120CA41206B8AA00ACB990 /* ConfigAccountViewController.h */,
				9E120CA51206B8AA00ACB990 /* ConfigAccountViewController.m */,
				9E120C791206B19300ACB990 /* ConfigRootViewController.h */,
				9E120C7A1206B19300ACB990 /* ConfigRootViewController.m */,
			);
			name = config;
			sourceTree = "<group>";
		};
		9E169356121A05AF005E389C /* Core */ = {
			isa = PBXGroup;
			children = (
				9E3836D2121DF9040097E331 /* SBTwitterApiService.h */,
				9E3836D3121DF9040097E331 /* SBTwitterApiService.m */,
				9E16936A121A0B26005E389C /* SBWassrApiService.h */,
				9E16936B121A0B26005E389C /* SBWassrApiService.m */,
				9E169353121A05A6005E389C /* SBApi.h */,
				9E169354121A05A6005E389C /* SBApi.m */,
				9E3836E3121DFC840097E331 /* SBConfig.h */,
				9E3836E4121DFC840097E331 /* SBConfig.m */,
			);
			name = Core;
			sourceTree = "<group>";
		};
		9E39909E121C475F009170DF /* oauthcore */ = {
			isa = PBXGroup;
			children = (
				9E3990A0121C4797009170DF /* NSData+Base64.h */,
				9E3990A1121C4797009170DF /* NSData+Base64.m */,
				9E3990A2121C4797009170DF /* OAuth+Additions.h */,
				9E3990A3121C4797009170DF /* OAuth+Additions.m */,
				9E3990A4121C4797009170DF /* OAuthCore.h */,
				9E3990A5121C4797009170DF /* OAuthCore.m */,
			);
			name = oauthcore;
			sourceTree = "<group>";
		};
		9E4E5B3B1217E8280074B124 /* Util */ = {
			isa = PBXGroup;
			children = (
				9E4E5B371217E8200074B124 /* HttpClient.h */,
				9E4E5B381217E8200074B124 /* HttpClient.m */,
			);
			name = Util;
			sourceTree = "<group>";
		};
/* End PBXGroup section */

/* Begin PBXNativeTarget section */
		1D6058900D05DD3D006BFB54 /* Sabotter */ = {
			isa = PBXNativeTarget;
			buildConfigurationList = 1D6058960D05DD3E006BFB54 /* Build configuration list for PBXNativeTarget "Sabotter" */;
			buildPhases = (
				1D60588D0D05DD3D006BFB54 /* Resources */,
				1D60588E0D05DD3D006BFB54 /* Sources */,
				1D60588F0D05DD3D006BFB54 /* Frameworks */,
			);
			buildRules = (
			);
			dependencies = (
			);
			name = Sabotter;
			productName = Sabotter;
			productReference = 1D6058910D05DD3D006BFB54 /* Sabotter.app */;
			productType = "com.apple.product-type.application";
		};
/* End PBXNativeTarget section */

/* Begin PBXProject section */
		29B97313FDCFA39411CA2CEA /* Project object */ = {
			isa = PBXProject;
			buildConfigurationList = C01FCF4E08A954540054247B /* Build configuration list for PBXProject "Sabotter" */;
			compatibilityVersion = "Xcode 3.1";
			hasScannedForEncodings = 1;
			mainGroup = 29B97314FDCFA39411CA2CEA /* Sabotter */;
			projectDirPath = "";
			projectRoot = "";
			targets = (
				1D6058900D05DD3D006BFB54 /* Sabotter */,
			);
		};
/* End PBXProject section */

/* Begin PBXResourcesBuildPhase section */
		1D60588D0D05DD3D006BFB54 /* Resources */ = {
			isa = PBXResourcesBuildPhase;
			buildActionMask = 2147483647;
			files = (
				9E120BA31204485D00ACB990 /* TimelineView.xib in Resources */,
				9E120BA41204485D00ACB990 /* MainWindow.xib in Resources */,
				9E120C3112055CBA00ACB990 /* config.png in Resources */,
				9E120C831206B1C600ACB990 /* ConfigRootView.xib in Resources */,
				9E120CB61206B8D500ACB990 /* ConfigAccountView.xib in Resources */,
				9E3836F7121E03BA0097E331 /* config.plist in Resources */,
			);
			runOnlyForDeploymentPostprocessing = 0;
		};
/* End PBXResourcesBuildPhase section */

/* Begin PBXSourcesBuildPhase section */
		1D60588E0D05DD3D006BFB54 /* Sources */ = {
			isa = PBXSourcesBuildPhase;
			buildActionMask = 2147483647;
			files = (
				1D60589B0D05DD56006BFB54 /* main.m in Sources */,
				1D3623260D0F684500981E51 /* SabotterAppDelegate.m in Sources */,
				9E120B9E1204484100ACB990 /* TimelineViewController.m in Sources */,
				9E120C7C1206B19300ACB990 /* ConfigRootViewController.m in Sources */,
				9E120CA71206B8AA00ACB990 /* ConfigAccountViewController.m in Sources */,
				9E4E5B391217E8200074B124 /* HttpClient.m in Sources */,
				9E169355121A05A6005E389C /* SBApi.m in Sources */,
				9E16936C121A0B26005E389C /* SBWassrApiService.m in Sources */,
				9E3990A6121C4797009170DF /* NSData+Base64.m in Sources */,
				9E3990A7121C4797009170DF /* OAuth+Additions.m in Sources */,
				9E3990A8121C4797009170DF /* OAuthCore.m in Sources */,
				9E3836D4121DF9040097E331 /* SBTwitterApiService.m in Sources */,
				9E3836E5121DFC840097E331 /* SBConfig.m in Sources */,
				9E033CDC121EFB9C00B171A4 /* NSObject+SBJSON.m in Sources */,
				9E033CDD121EFB9C00B171A4 /* NSString+SBJSON.m in Sources */,
				9E033CDE121EFB9C00B171A4 /* SBJsonBase.m in Sources */,
				9E033CDF121EFB9C00B171A4 /* SBJsonParser.m in Sources */,
				9E033CE0121EFB9C00B171A4 /* SBJsonWriter.m in Sources */,
			);
			runOnlyForDeploymentPostprocessing = 0;
		};
/* End PBXSourcesBuildPhase section */

/* Begin XCBuildConfiguration section */
		1D6058940D05DD3E006BFB54 /* Debug */ = {
			isa = XCBuildConfiguration;
			buildSettings = {
				ALWAYS_SEARCH_USER_PATHS = NO;
				COPY_PHASE_STRIP = NO;
				GCC_DYNAMIC_NO_PIC = NO;
				GCC_OPTIMIZATION_LEVEL = 0;
				GCC_PRECOMPILE_PREFIX_HEADER = YES;
				GCC_PREFIX_HEADER = Sabotter_Prefix.pch;
				GCC_PREPROCESSOR_DEFINITIONS = DEBUG;
				INFOPLIST_FILE = "Sabotter-Info.plist";
				PRODUCT_NAME = Sabotter;
			};
			name = Debug;
		};
		1D6058950D05DD3E006BFB54 /* Release */ = {
			isa = XCBuildConfiguration;
			buildSettings = {
				ALWAYS_SEARCH_USER_PATHS = NO;
				COPY_PHASE_STRIP = YES;
				GCC_PRECOMPILE_PREFIX_HEADER = YES;
				GCC_PREFIX_HEADER = Sabotter_Prefix.pch;
				INFOPLIST_FILE = "Sabotter-Info.plist";
				PRODUCT_NAME = Sabotter;
				VALIDATE_PRODUCT = YES;
			};
			name = Release;
		};
		C01FCF4F08A954540054247B /* Debug */ = {
			isa = XCBuildConfiguration;
			buildSettings = {
				ARCHS = "$(ARCHS_STANDARD_32_BIT)";
				"CODE_SIGN_IDENTITY[sdk=iphoneos*]" = "iPhone Developer";
				GCC_C_LANGUAGE_STANDARD = c99;
				GCC_WARN_ABOUT_RETURN_TYPE = YES;
				GCC_WARN_UNUSED_VARIABLE = YES;
				PREBINDING = NO;
				SDKROOT = iphoneos4.0;
			};
			name = Debug;
		};
		C01FCF5008A954540054247B /* Release */ = {
			isa = XCBuildConfiguration;
			buildSettings = {
				ARCHS = "$(ARCHS_STANDARD_32_BIT)";
				"CODE_SIGN_IDENTITY[sdk=iphoneos*]" = "iPhone Developer";
				GCC_C_LANGUAGE_STANDARD = c99;
				GCC_WARN_ABOUT_RETURN_TYPE = YES;
				GCC_WARN_UNUSED_VARIABLE = YES;
				OTHER_CFLAGS = "-DNS_BLOCK_ASSERTIONS=1";
				PREBINDING = NO;
				SDKROOT = iphoneos4.0;
			};
			name = Release;
		};
/* End XCBuildConfiguration section */

/* Begin XCConfigurationList section */
		1D6058960D05DD3E006BFB54 /* Build configuration list for PBXNativeTarget "Sabotter" */ = {
			isa = XCConfigurationList;
			buildConfigurations = (
				1D6058940D05DD3E006BFB54 /* Debug */,
				1D6058950D05DD3E006BFB54 /* Release */,
			);
			defaultConfigurationIsVisible = 0;
			defaultConfigurationName = Release;
		};
		C01FCF4E08A954540054247B /* Build configuration list for PBXProject "Sabotter" */ = {
			isa = XCConfigurationList;
			buildConfigurations = (
				C01FCF4F08A954540054247B /* Debug */,
				C01FCF5008A954540054247B /* Release */,
			);
			defaultConfigurationIsVisible = 0;
			defaultConfigurationName = Release;
		};
/* End XCConfigurationList section */
	};
	rootObject = 29B97313FDCFA39411CA2CEA /* Project object */;
}
